
Microsoft Visual Studio Solution File, Format Version 12.00
# Visual Studio Version 17
VisualStudioVersion = 17.9.34622.214
MinimumVisualStudioVersion = 10.0.40219.1
Project("{9A19103F-16F7-4668-BE54-9A1E7A4F7556}") = "ReservaFinal", "ReservaFinal\ReservaFinal.csproj", "{F21D0551-66B7-4652-B4B5-D8D382E84FDB}"
EndProject
Project("{9A19103F-16F7-4668-BE54-9A1E7A4F7556}") = "ReservaFinal.Client", "ReservaFinal.Client\ReservaFinal.Client.csproj", "{5BF691EB-172A-42D2-AFD8-0766814028BA}"
EndProject
Global
	GlobalSection(SolutionConfigurationPlatforms) = preSolution
		Debug|Any CPU = Debug|Any CPU
		Release|Any CPU = Release|Any CPU
	EndGlobalSection
	GlobalSection(ProjectConfigurationPlatforms) = postSolution
		{F21D0551-66B7-4652-B4B5-D8D382E84FDB}.Debug|Any CPU.ActiveCfg = Debug|Any CPU
		{F21D0551-66B7-4652-B4B5-D8D382E84FDB}.Debug|Any CPU.Build.0 = Debug|Any CPU
		{F21D0551-66B7-4652-B4B5-D8D382E84FDB}.Release|Any CPU.ActiveCfg = Release|Any CPU
		{F21D0551-66B7-4652-B4B5-D8D382E84FDB}.Release|Any CPU.Build.0 = Release|Any CPU
		{5BF691EB-172A-42D2-AFD8-0766814028BA}.Debug|Any CPU.ActiveCfg = Debug|Any CPU
		{5BF691EB-172A-42D2-AFD8-0766814028BA}.Debug|Any CPU.Build.0 = Debug|Any CPU
		{5BF691EB-172A-42D2-AFD8-0766814028BA}.Release|Any CPU.ActiveCfg = Release|Any CPU
		{5BF691EB-172A-42D2-AFD8-0766814028BA}.Release|Any CPU.Build.0 = Release|Any CPU
	EndGlobalSection
	GlobalSection(SolutionProperties) = preSolution
		HideSolutionNode = FALSE
	EndGlobalSection
	GlobalSection(ExtensibilityGlobals) = postSolution
		SolutionGuid = {2D93F94D-BC27-42DD-A79D-8BFC732D5116}
	EndGlobalSection
EndGlobal
